// !$*UTF8*$!
{
	archiveVersion = 1;
	classes = {
	};
	objectVersion = 50;
	objects = {

/* Begin PBXBuildFile section */
		0547F8D8207256DF00B8F2FA /* AppDelegate.swift in Sources */ = {isa = PBXBuildFile; fileRef = 0547F8D7207256DF00B8F2FA /* AppDelegate.swift */; };
		0547F8DA207256DF00B8F2FA /* art.scnassets in Resources */ = {isa = PBXBuildFile; fileRef = 0547F8D9207256DF00B8F2FA /* art.scnassets */; };
		0547F8DC207256DF00B8F2FA /* ViewController.swift in Sources */ = {isa = PBXBuildFile; fileRef = 0547F8DB207256DF00B8F2FA /* ViewController.swift */; };
		0547F8DF207256DF00B8F2FA /* Main.storyboard in Resources */ = {isa = PBXBuildFile; fileRef = 0547F8DD207256DF00B8F2FA /* Main.storyboard */; };
		0547F8E1207256E100B8F2FA /* Assets.xcassets in Resources */ = {isa = PBXBuildFile; fileRef = 0547F8E0207256E100B8F2FA /* Assets.xcassets */; };
		0547F8E4207256E100B8F2FA /* LaunchScreen.storyboard in Resources */ = {isa = PBXBuildFile; fileRef = 0547F8E2207256E100B8F2FA /* LaunchScreen.storyboard */; };
/* End PBXBuildFile section */

/* Begin PBXFileReference section */
		0547F8D4207256DF00B8F2FA /* magicpop-travel-mvp.app */ = {isa = PBXFileReference; explicitFileType = wrapper.application; includeInIndex = 0; path = "magicpop-travel-mvp.app"; sourceTree = BUILT_PRODUCTS_DIR; };
		0547F8D7207256DF00B8F2FA /* AppDelegate.swift */ = {isa = PBXFileReference; lastKnownFileType = sourcecode.swift; path = AppDelegate.swift; sourceTree = "<group>"; };
		0547F8D9207256DF00B8F2FA /* art.scnassets */ = {isa = PBXFileReference; lastKnownFileType = wrapper.scnassets; path = art.scnassets; sourceTree = "<group>"; };
		0547F8DB207256DF00B8F2FA /* ViewController.swift */ = {isa = PBXFileReference; lastKnownFileType = sourcecode.swift; path = ViewController.swift; sourceTree = "<group>"; };
		0547F8DE207256DF00B8F2FA /* Base */ = {isa = PBXFileReference; lastKnownFileType = file.storyboard; name = Base; path = Base.lproj/Main.storyboard; sourceTree = "<group>"; };
		0547F8E0207256E100B8F2FA /* Assets.xcassets */ = {isa = PBXFileReference; lastKnownFileType = folder.assetcatalog; path = Assets.xcassets; sourceTree = "<group>"; };
		0547F8E3207256E100B8F2FA /* Base */ = {isa = PBXFileReference; lastKnownFileType = file.storyboard; name = Base; path = Base.lproj/LaunchScreen.storyboard; sourceTree = "<group>"; };
		0547F8E5207256E100B8F2FA /* Info.plist */ = {isa = PBXFileReference; lastKnownFileType = text.plist.xml; path = Info.plist; sourceTree = "<group>"; };
/* End PBXFileReference section */

/* Begin PBXFrameworksBuildPhase section */
		0547F8D1207256DF00B8F2FA /* Frameworks */ = {
			isa = PBXFrameworksBuildPhase;
			buildActionMask = 2147483647;
			files = (
			);
			runOnlyForDeploymentPostprocessing = 0;
		};
/* End PBXFrameworksBuildPhase section */

/* Begin PBXGroup section */
		0547F8CB207256DF00B8F2FA = {
			isa = PBXGroup;
			children = (
				0547F8D6207256DF00B8F2FA /* magicpop-travel-mvp */,
				0547F8D5207256DF00B8F2FA /* Products */,
			);
			sourceTree = "<group>";
		};
		0547F8D5207256DF00B8F2FA /* Products */ = {
			isa = PBXGroup;
			children = (
				0547F8D4207256DF00B8F2FA /* magicpop-travel-mvp.app */,
			);
			name = Products;
			sourceTree = "<group>";
		};
		0547F8D6207256DF00B8F2FA /* magicpop-travel-mvp */ = {
			isa = PBXGroup;
			children = (
				0547F8D7207256DF00B8F2FA /* AppDelegate.swift */,
				0547F8D9207256DF00B8F2FA /* art.scnassets */,
				0547F8DB207256DF00B8F2FA /* ViewController.swift */,
				0547F8DD207256DF00B8F2FA /* Main.storyboard */,
				0547F8E0207256E100B8F2FA /* Assets.xcassets */,
				0547F8E2207256E100B8F2FA /* LaunchScreen.storyboard */,
				0547F8E5207256E100B8F2FA /* Info.plist */,
			);
			path = "magicpop-travel-mvp";
			sourceTree = "<group>";
		};
/* End PBXGroup section */

/* Begin PBXNativeTarget section */
		0547F8D3207256DF00B8F2FA /* magicpop-travel-mvp */ = {
			isa = PBXNativeTarget;
			buildConfigurationList = 0547F8E8207256E100B8F2FA /* Build configuration list for PBXNativeTarget "magicpop-travel-mvp" */;
			buildPhases = (
				0547F8D0207256DF00B8F2FA /* Sources */,
				0547F8D1207256DF00B8F2FA /* Frameworks */,
				0547F8D2207256DF00B8F2FA /* Resources */,
			);
			buildRules = (
			);
			dependencies = (
			);
			name = "magicpop-travel-mvp";
			productName = "magicpop-travel-mvp";
			productReference = 0547F8D4207256DF00B8F2FA /* magicpop-travel-mvp.app */;
			productType = "com.apple.product-type.application";
		};
/* End PBXNativeTarget section */

/* Begin PBXProject section */
		0547F8CC207256DF00B8F2FA /* Project object */ = {
			isa = PBXProject;
			attributes = {
				LastSwiftUpdateCheck = 0930;
				LastUpgradeCheck = 0930;
				ORGANIZATIONNAME = "kikuchi wataru";
				TargetAttributes = {
					0547F8D3207256DF00B8F2FA = {
						CreatedOnToolsVersion = 9.3;
					};
				};
			};
			buildConfigurationList = 0547F8CF207256DF00B8F2FA /* Build configuration list for PBXProject "magicpop-travel-mvp" */;
			compatibilityVersion = "Xcode 9.3";
			developmentRegion = en;
			hasScannedForEncodings = 0;
			knownRegions = (
				en,
				Base,
			);
			mainGroup = 0547F8CB207256DF00B8F2FA;
			productRefGroup = 0547F8D5207256DF00B8F2FA /* Products */;
			projectDirPath = "";
			projectRoot = "";
			targets = (
				0547F8D3207256DF00B8F2FA /* magicpop-travel-mvp */,
			);
		};
/* End PBXProject section */

/* Begin PBXResourcesBuildPhase section */
		0547F8D2207256DF00B8F2FA /* Resources */ = {
			isa = PBXResourcesBuildPhase;
			buildActionMask = 2147483647;
			files = (
				0547F8DA207256DF00B8F2FA /* art.scnassets in Resources */,
				0547F8E4207256E100B8F2FA /* LaunchScreen.storyboard in Resources */,
				0547F8E1207256E100B8F2FA /* Assets.xcassets in Resources */,
				0547F8DF207256DF00B8F2FA /* Main.storyboard in Resources */,
			);
			runOnlyForDeploymentPostprocessing = 0;
		};
/* End PBXResourcesBuildPhase section */

/* Begin PBXSourcesBuildPhase section */
		0547F8D0207256DF00B8F2FA /* Sources */ = {
			isa = PBXSourcesBuildPhase;
			buildActionMask = 2147483647;
			files = (
				0547F8DC207256DF00B8F2FA /* ViewController.swift in Sources */,
				0547F8D8207256DF00B8F2FA /* AppDelegate.swift in Sources */,
			);
			runOnlyForDeploymentPostprocessing = 0;
		};
/* End PBXSourcesBuildPhase section */

/* Begin PBXVariantGroup section */
		0547F8DD207256DF00B8F2FA /* Main.storyboard */ = {
			isa = PBXVariantGroup;
			children = (
				0547F8DE207256DF00B8F2FA /* Base */,
			);
			name = Main.storyboard;
			sourceTree = "<group>";
		};
		0547F8E2207256E100B8F2FA /* LaunchScreen.storyboard */ = {
			isa = PBXVariantGroup;
			children = (
				0547F8E3207256E100B8F2FA /* Base */,
			);
			name = LaunchScreen.storyboard;
			sourceTree = "<group>";
		};
/* End PBXVariantGroup section */

/* Begin XCBuildConfiguration section */
		0547F8E6207256E100B8F2FA /* Debug */ = {
			isa = XCBuildConfiguration;
			buildSettings = {
				ALWAYS_SEARCH_USER_PATHS = NO;
				CLANG_ANALYZER_NONNULL = YES;
				CLANG_ANALYZER_NUMBER_OBJECT_CONVERSION = YES_AGGRESSIVE;
				CLANG_CXX_LANGUAGE_STANDARD = "gnu++14";
				CLANG_CXX_LIBRARY = "libc++";
				CLANG_ENABLE_MODULES = YES;
				CLANG_ENABLE_OBJC_ARC = YES;
				CLANG_ENABLE_OBJC_WEAK = YES;
				CLANG_WARN_BLOCK_CAPTURE_AUTORELEASING = YES;
				CLANG_WARN_BOOL_CONVERSION = YES;
				CLANG_WARN_COMMA = YES;
				CLANG_WARN_CONSTANT_CONVERSION = YES;
				CLANG_WARN_DEPRECATED_OBJC_IMPLEMENTATIONS = YES;
				CLANG_WARN_DIRECT_OBJC_ISA_USAGE = YES_ERROR;
				CLANG_WARN_DOCUMENTATION_COMMENTS = YES;
				CLANG_WARN_EMPTY_BODY = YES;
				CLANG_WARN_ENUM_CONVERSION = YES;
				CLANG_WARN_INFINITE_RECURSION = YES;
				CLANG_WARN_INT_CONVERSION = YES;
				CLANG_WARN_NON_LITERAL_NULL_CONVERSION = YES;
				CLANG_WARN_OBJC_IMPLICIT_RETAIN_SELF = YES;
				CLANG_WARN_OBJC_LITERAL_CONVERSION = YES;
				CLANG_WARN_OBJC_ROOT_CLASS = YES_ERROR;
				CLANG_WARN_RANGE_LOOP_ANALYSIS = YES;
				CLANG_WARN_STRICT_PROTOTYPES = YES;
				CLANG_WARN_SUSPICIOUS_MOVE = YES;
				CLANG_WARN_UNGUARDED_AVAILABILITY = YES_AGGRESSIVE;
				CLANG_WARN_UNREACHABLE_CODE = YES;
				CLANG_WARN__DUPLICATE_METHOD_MATCH = YES;
				CODE_SIGN_IDENTITY = "iPhone Developer";
				COPY_PHASE_STRIP = NO;
				DEBUG_INFORMATION_FORMAT = dwarf;
				ENABLE_STRICT_OBJC_MSGSEND = YES;
				ENABLE_TESTABILITY = YES;
				GCC_C_LANGUAGE_STANDARD = gnu11;
				GCC_DYNAMIC_NO_PIC = NO;
				GCC_NO_COMMON_BLOCKS = YES;
				GCC_OPTIMIZATION_LEVEL = 0;
				GCC_PREPROCESSOR_DEFINITIONS = (
					"DEBUG=1",
					"$(inherited)",
				);
				GCC_WARN_64_TO_32_BIT_CONVERSION = YES;
				GCC_WARN_ABOUT_RETURN_TYPE = YES_ERROR;
				GCC_WARN_UNDECLARED_SELECTOR = YES;
				GCC_WARN_UNINITIALIZED_AUTOS = YES_AGGRESSIVE;
				GCC_WARN_UNUSED_FUNCTION = YES;
				GCC_WARN_UNUSED_VARIABLE = YES;
				IPHONEOS_DEPLOYMENT_TARGET = 11.3;
				MTL_ENABLE_DEBUG_INFO = YES;
				ONLY_ACTIVE_ARCH = YES;
				SDKROOT = iphoneos;
				SWIFT_ACTIVE_COMPILATION_CONDITIONS = DEBUG;
				SWIFT_OPTIMIZATION_LEVEL = "-Onone";
			};
			name = Debug;
		};
		0547F8E7207256E100B8F2FA /* Release */ = {
			isa = XCBuildConfiguration;
			buildSettings = {
				ALWAYS_SEARCH_USER_PATHS = NO;
				CLANG_ANALYZER_NONNULL = YES;
				CLANG_ANALYZER_NUMBER_OBJECT_CONVERSION = YES_AGGRESSIVE;
				CLANG_CXX_LANGUAGE_STANDARD = "gnu++14";
				CLANG_CXX_LIBRARY = "libc++";
				CLANG_ENABLE_MODULES = YES;
				CLANG_ENABLE_OBJC_ARC = YES;
				CLANG_ENABLE_OBJC_WEAK = YES;
				CLANG_WARN_BLOCK_CAPTURE_AUTORELEASING = YES;
				CLANG_WARN_BOOL_CONVERSION = YES;
				CLANG_WARN_COMMA = YES;
				CLANG_WARN_CONSTANT_CONVERSION = YES;
				CLANG_WARN_DEPRECATED_OBJC_IMPLEMENTATIONS = YES;
				CLANG_WARN_DIRECT_OBJC_ISA_USAGE = YES_ERROR;
				CLANG_WARN_DOCUMENTATION_COMMENTS = YES;
				CLANG_WARN_EMPTY_BODY = YES;
				CLANG_WARN_ENUM_CONVERSION = YES;
				CLANG_WARN_INFINITE_RECURSION = YES;
				CLANG_WARN_INT_CONVERSION = YES;
				CLANG_WARN_NON_LITERAL_NULL_CONVERSION = YES;
				CLANG_WARN_OBJC_IMPLICIT_RETAIN_SELF = YES;
				CLANG_WARN_OBJC_LITERAL_CONVERSION = YES;
				CLANG_WARN_OBJC_ROOT_CLASS = YES_ERROR;
				CLANG_WARN_RANGE_LOOP_ANALYSIS = YES;
				CLANG_WARN_STRICT_PROTOTYPES = YES;
				CLANG_WARN_SUSPICIOUS_MOVE = YES;
				CLANG_WARN_UNGUARDED_AVAILABILITY = YES_AGGRESSIVE;
				CLANG_WARN_UNREACHABLE_CODE = YES;
				CLANG_WARN__DUPLICATE_METHOD_MATCH = YES;
				CODE_SIGN_IDENTITY = "iPhone Developer";
				COPY_PHASE_STRIP = NO;
				DEBUG_INFORMATION_FORMAT = "dwarf-with-dsym";
				ENABLE_NS_ASSERTIONS = NO;
				ENABLE_STRICT_OBJC_MSGSEND = YES;
				GCC_C_LANGUAGE_STANDARD = gnu11;
				GCC_NO_COMMON_BLOCKS = YES;
				GCC_WARN_64_TO_32_BIT_CONVERSION = YES;
				GCC_WARN_ABOUT_RETURN_TYPE = YES_ERROR;
				GCC_WARN_UNDECLARED_SELECTOR = YES;
				GCC_WARN_UNINITIALIZED_AUTOS = YES_AGGRESSIVE;
				GCC_WARN_UNUSED_FUNCTION = YES;
				GCC_WARN_UNUSED_VARIABLE = YES;
				IPHONEOS_DEPLOYMENT_TARGET = 11.3;
				MTL_ENABLE_DEBUG_INFO = NO;
				SDKROOT = iphoneos;
				SWIFT_COMPILATION_MODE = wholemodule;
				SWIFT_OPTIMIZATION_LEVEL = "-O";
				VALIDATE_PRODUCT = YES;
			};
			name = Release;
		};
		0547F8E9207256E100B8F2FA /* Debug */ = {
			isa = XCBuildConfiguration;
			buildSettings = {
				ASSETCATALOG_COMPILER_APPICON_NAME = AppIcon;
				CODE_SIGN_STYLE = Automatic;
				DEVELOPMENT_TEAM = EPD5A4Z2R4;
				INFOPLIST_FILE = "magicpop-travel-mvp/Info.plist";
				LD_RUNPATH_SEARCH_PATHS = (
					"$(inherited)",
					"@executable_path/Frameworks",
				);
				PRODUCT_BUNDLE_IDENTIFIER = "kikuchi.magicpop-travel-mvp";
				PRODUCT_NAME = "$(TARGET_NAME)";
				SWIFT_VERSION = 4.0;
				TARGETED_DEVICE_FAMILY = "1,2";
			};
			name = Debug;
		};
		0547F8EA207256E100B8F2FA /* Release */ = {
			isa = XCBuildConfiguration;
			buildSettings = {
				ASSETCATALOG_COMPILER_APPICON_NAME = AppIcon;
				CODE_SIGN_STYLE = Automatic;
				DEVELOPMENT_TEAM = EPD5A4Z2R4;
				INFOPLIST_FILE = "magicpop-travel-mvp/Info.plist";
				LD_RUNPATH_SEARCH_PATHS = (
					"$(inherited)",
					"@executable_path/Frameworks",
				);
				PRODUCT_BUNDLE_IDENTIFIER = "kikuchi.magicpop-travel-mvp";
				PRODUCT_NAME = "$(TARGET_NAME)";
				SWIFT_VERSION = 4.0;
				TARGETED_DEVICE_FAMILY = "1,2";
			};
			name = Release;
		};
/* End XCBuildConfiguration section */

/* Begin XCConfigurationList section */
		0547F8CF207256DF00B8F2FA /* Build configuration list for PBXProject "magicpop-travel-mvp" */ = {
			isa = XCConfigurationList;
			buildConfigurations = (
				0547F8E6207256E100B8F2FA /* Debug */,
				0547F8E7207256E100B8F2FA /* Release */,
			);
			defaultConfigurationIsVisible = 0;
			defaultConfigurationName = Release;
		};
		0547F8E8207256E100B8F2FA /* Build configuration list for PBXNativeTarget "magicpop-travel-mvp" */ = {
			isa = XCConfigurationList;
			buildConfigurations = (
				0547F8E9207256E100B8F2FA /* Debug */,
				0547F8EA207256E100B8F2FA /* Release */,
			);
			defaultConfigurationIsVisible = 0;
			defaultConfigurationName = Release;
		};
/* End XCConfigurationList section */
	};
	rootObject = 0547F8CC207256DF00B8F2FA /* Project object */;
}
